Microsoft Visual Studio Solution File, Format Version 8.00
Project("{F184B08F-C81C-45F6-A57F-5ABD9991F28F}") = "TopNVB", "TopNVB.vbproj", "{5EFC4D5E-2845-420F-A3AD-11C92A011155}"
	ProjectSection(ProjectDependencies) = postProject
	EndProjectSection
EndProject
Global
	GlobalSection(SolutionConfiguration) = preSolution
		Debug = Debug
		Release = Release
	EndGlobalSection
	GlobalSection(ProjectDependencies) = postSolution
	EndGlobalSection
	GlobalSection(ProjectConfiguration) = postSolution
		{5EFC4D5E-2845-420F-A3AD-11C92A011155}.Debug.ActiveCfg = Debug|.NET
		{5EFC4D5E-2845-420F-A3AD-11C92A011155}.Debug.Build.0 = Debug|.NET
		{5EFC4D5E-2845-420F-A3AD-11C92A011155}.Release.ActiveCfg = Release|.NET
		{5EFC4D5E-2845-420F-A3AD-11C92A011155}.Release.Build.0 = Release|.NET
	EndGlobalSection
	GlobalSection(ExtensibilityGlobals) = postSolution
	EndGlobalSection
	GlobalSection(ExtensibilityAddIns) = postSolution
	EndGlobalSection
EndGlobal
